
Microsoft Visual Studio Solution File, Format Version 12.00
# Visual Studio Version 17
VisualStudioVersion = 17.14.36811.4 d17.14
MinimumVisualStudioVersion = 10.0.40219.1
Project("{FAE04EC0-301F-11D3-BF4B-00C04F79EFBC}") = "Project_Angile", "Project_Angile\Project_Angile.csproj", "{DF21811A-A6C0-40A6-AEB8-19FF432D1E9B}"
EndProject
Global
	GlobalSection(SolutionConfigurationPlatforms) = preSolution
		Debug|Any CPU = Debug|Any CPU
		Release|Any CPU = Release|Any CPU
	EndGlobalSection
	GlobalSection(ProjectConfigurationPlatforms) = postSolution
		{DF21811A-A6C0-40A6-AEB8-19FF432D1E9B}.Debug|Any CPU.ActiveCfg = Debug|Any CPU
		{DF21811A-A6C0-40A6-AEB8-19FF432D1E9B}.Debug|Any CPU.Build.0 = Debug|Any CPU
		{DF21811A-A6C0-40A6-AEB8-19FF432D1E9B}.Release|Any CPU.ActiveCfg = Release|Any CPU
		{DF21811A-A6C0-40A6-AEB8-19FF432D1E9B}.Release|Any CPU.Build.0 = Release|Any CPU
	EndGlobalSection
	GlobalSection(SolutionProperties) = preSolution
		HideSolutionNode = FALSE
	EndGlobalSection
	GlobalSection(ExtensibilityGlobals) = postSolution
		SolutionGuid = {DD59D7D5-3076-4721-B014-91AF9F6BD166}
	EndGlobalSection
EndGlobal
